// !$*UTF8*$!
{
	archiveVersion = 1;
	classes = {
	};
	objectVersion = 46;
	objects = {

/* Begin PBXBuildFile section */
		C13A1B291F4BE33D00A49C12 /* AppDelegate.swift in Sources */ = {isa = PBXBuildFile; fileRef = C13A1B281F4BE33D00A49C12 /* AppDelegate.swift */; };
		C13A1B2B1F4BE33D00A49C12 /* ViewController.swift in Sources */ = {isa = PBXBuildFile; fileRef = C13A1B2A1F4BE33D00A49C12 /* ViewController.swift */; };
		C13A1B2E1F4BE33D00A49C12 /* Main.storyboard in Resources */ = {isa = PBXBuildFile; fileRef = C13A1B2C1F4BE33D00A49C12 /* Main.storyboard */; };
		C13A1B301F4BE33D00A49C12 /* Assets.xcassets in Resources */ = {isa = PBXBuildFile; fileRef = C13A1B2F1F4BE33D00A49C12 /* Assets.xcassets */; };
		C13A1B331F4BE33D00A49C12 /* LaunchScreen.storyboard in Resources */ = {isa = PBXBuildFile; fileRef = C13A1B311F4BE33D00A49C12 /* LaunchScreen.storyboard */; };
		C13A1B3E1F4BE33D00A49C12 /* College_App_101_Teast_2017Tests.swift in Sources */ = {isa = PBXBuildFile; fileRef = C13A1B3D1F4BE33D00A49C12 /* College_App_101_Teast_2017Tests.swift */; };
/* End PBXBuildFile section */

/* Begin PBXContainerItemProxy section */
		C13A1B3A1F4BE33D00A49C12 /* PBXContainerItemProxy */ = {
			isa = PBXContainerItemProxy;
			containerPortal = C13A1B1D1F4BE33D00A49C12 /* Project object */;
			proxyType = 1;
			remoteGlobalIDString = C13A1B241F4BE33D00A49C12;
			remoteInfo = "College App 101 Teast 2017";
		};
/* End PBXContainerItemProxy section */

/* Begin PBXFileReference section */
		C13A1B251F4BE33D00A49C12 /* College App 101 Teast 2017.app */ = {isa = PBXFileReference; explicitFileType = wrapper.application; includeInIndex = 0; path = "College App 101 Teast 2017.app"; sourceTree = BUILT_PRODUCTS_DIR; };
		C13A1B281F4BE33D00A49C12 /* AppDelegate.swift */ = {isa = PBXFileReference; lastKnownFileType = sourcecode.swift; path = AppDelegate.swift; sourceTree = "<group>"; };
		C13A1B2A1F4BE33D00A49C12 /* ViewController.swift */ = {isa = PBXFileReference; lastKnownFileType = sourcecode.swift; path = ViewController.swift; sourceTree = "<group>"; };
		C13A1B2D1F4BE33D00A49C12 /* Base */ = {isa = PBXFileReference; lastKnownFileType = file.storyboard; name = Base; path = Base.lproj/Main.storyboard; sourceTree = "<group>"; };
		C13A1B2F1F4BE33D00A49C12 /* Assets.xcassets */ = {isa = PBXFileReference; lastKnownFileType = folder.assetcatalog; path = Assets.xcassets; sourceTree = "<group>"; };
		C13A1B321F4BE33D00A49C12 /* Base */ = {isa = PBXFileReference; lastKnownFileType = file.storyboard; name = Base; path = Base.lproj/LaunchScreen.storyboard; sourceTree = "<group>"; };
		C13A1B341F4BE33D00A49C12 /* Info.plist */ = {isa = PBXFileReference; lastKnownFileType = text.plist.xml; path = Info.plist; sourceTree = "<group>"; };
		C13A1B391F4BE33D00A49C12 /* College App 101 Teast 2017Tests.xctest */ = {isa = PBXFileReference; explicitFileType = wrapper.cfbundle; includeInIndex = 0; path = "College App 101 Teast 2017Tests.xctest"; sourceTree = BUILT_PRODUCTS_DIR; };
		C13A1B3D1F4BE33D00A49C12 /* College_App_101_Teast_2017Tests.swift */ = {isa = PBXFileReference; lastKnownFileType = sourcecode.swift; path = College_App_101_Teast_2017Tests.swift; sourceTree = "<group>"; };
		C13A1B3F1F4BE33D00A49C12 /* Info.plist */ = {isa = PBXFileReference; lastKnownFileType = text.plist.xml; path = Info.plist; sourceTree = "<group>"; };
/* End PBXFileReference section */

/* Begin PBXFrameworksBuildPhase section */
		C13A1B221F4BE33D00A49C12 /* Frameworks */ = {
			isa = PBXFrameworksBuildPhase;
			buildActionMask = 2147483647;
			files = (
			);
			runOnlyForDeploymentPostprocessing = 0;
		};
		C13A1B361F4BE33D00A49C12 /* Frameworks */ = {
			isa = PBXFrameworksBuildPhase;
			buildActionMask = 2147483647;
			files = (
			);
			runOnlyForDeploymentPostprocessing = 0;
		};
/* End PBXFrameworksBuildPhase section */

/* Begin PBXGroup section */
		C13A1B1C1F4BE33D00A49C12 = {
			isa = PBXGroup;
			children = (
				C13A1B271F4BE33D00A49C12 /* College App 101 Teast 2017 */,
				C13A1B3C1F4BE33D00A49C12 /* College App 101 Teast 2017Tests */,
				C13A1B261F4BE33D00A49C12 /* Products */,
			);
			sourceTree = "<group>";
		};
		C13A1B261F4BE33D00A49C12 /* Products */ = {
			isa = PBXGroup;
			children = (
				C13A1B251F4BE33D00A49C12 /* College App 101 Teast 2017.app */,
				C13A1B391F4BE33D00A49C12 /* College App 101 Teast 2017Tests.xctest */,
			);
			name = Products;
			sourceTree = "<group>";
		};
		C13A1B271F4BE33D00A49C12 /* College App 101 Teast 2017 */ = {
			isa = PBXGroup;
			children = (
				C13A1B281F4BE33D00A49C12 /* AppDelegate.swift */,
				C13A1B2A1F4BE33D00A49C12 /* ViewController.swift */,
				C13A1B2C1F4BE33D00A49C12 /* Main.storyboard */,
				C13A1B2F1F4BE33D00A49C12 /* Assets.xcassets */,
				C13A1B311F4BE33D00A49C12 /* LaunchScreen.storyboard */,
				C13A1B341F4BE33D00A49C12 /* Info.plist */,
			);
			path = "College App 101 Teast 2017";
			sourceTree = "<group>";
		};
		C13A1B3C1F4BE33D00A49C12 /* College App 101 Teast 2017Tests */ = {
			isa = PBXGroup;
			children = (
				C13A1B3D1F4BE33D00A49C12 /* College_App_101_Teast_2017Tests.swift */,
				C13A1B3F1F4BE33D00A49C12 /* Info.plist */,
			);
			path = "College App 101 Teast 2017Tests";
			sourceTree = "<group>";
		};
/* End PBXGroup section */

/* Begin PBXNativeTarget section */
		C13A1B241F4BE33D00A49C12 /* College App 101 Teast 2017 */ = {
			isa = PBXNativeTarget;
			buildConfigurationList = C13A1B421F4BE33D00A49C12 /* Build configuration list for PBXNativeTarget "College App 101 Teast 2017" */;
			buildPhases = (
				C13A1B211F4BE33D00A49C12 /* Sources */,
				C13A1B221F4BE33D00A49C12 /* Frameworks */,
				C13A1B231F4BE33D00A49C12 /* Resources */,
			);
			buildRules = (
			);
			dependencies = (
			);
			name = "College App 101 Teast 2017";
			productName = "College App 101 Teast 2017";
			productReference = C13A1B251F4BE33D00A49C12 /* College App 101 Teast 2017.app */;
			productType = "com.apple.product-type.application";
		};
		C13A1B381F4BE33D00A49C12 /* College App 101 Teast 2017Tests */ = {
			isa = PBXNativeTarget;
			buildConfigurationList = C13A1B451F4BE33D00A49C12 /* Build configuration list for PBXNativeTarget "College App 101 Teast 2017Tests" */;
			buildPhases = (
				C13A1B351F4BE33D00A49C12 /* Sources */,
				C13A1B361F4BE33D00A49C12 /* Frameworks */,
				C13A1B371F4BE33D00A49C12 /* Resources */,
			);
			buildRules = (
			);
			dependencies = (
				C13A1B3B1F4BE33D00A49C12 /* PBXTargetDependency */,
			);
			name = "College App 101 Teast 2017Tests";
			productName = "College App 101 Teast 2017Tests";
			productReference = C13A1B391F4BE33D00A49C12 /* College App 101 Teast 2017Tests.xctest */;
			productType = "com.apple.product-type.bundle.unit-test";
		};
/* End PBXNativeTarget section */

/* Begin PBXProject section */
		C13A1B1D1F4BE33D00A49C12 /* Project object */ = {
			isa = PBXProject;
			attributes = {
				LastSwiftUpdateCheck = 0820;
				LastUpgradeCheck = 0820;
				ORGANIZATIONNAME = "College App 101";
				TargetAttributes = {
					C13A1B241F4BE33D00A49C12 = {
						CreatedOnToolsVersion = 8.2.1;
						DevelopmentTeam = 9H295K4Z78;
						ProvisioningStyle = Automatic;
					};
					C13A1B381F4BE33D00A49C12 = {
						CreatedOnToolsVersion = 8.2.1;
						ProvisioningStyle = Automatic;
						TestTargetID = C13A1B241F4BE33D00A49C12;
					};
				};
			};
			buildConfigurationList = C13A1B201F4BE33D00A49C12 /* Build configuration list for PBXProject "College App 101 Teast 2017" */;
			compatibilityVersion = "Xcode 3.2";
			developmentRegion = English;
			hasScannedForEncodings = 0;
			knownRegions = (
				en,
				Base,
			);
			mainGroup = C13A1B1C1F4BE33D00A49C12;
			productRefGroup = C13A1B261F4BE33D00A49C12 /* Products */;
			projectDirPath = "";
			projectRoot = "";
			targets = (
				C13A1B241F4BE33D00A49C12 /* College App 101 Teast 2017 */,
				C13A1B381F4BE33D00A49C12 /* College App 101 Teast 2017Tests */,
			);
		};
/* End PBXProject section */

/* Begin PBXResourcesBuildPhase section */
		C13A1B231F4BE33D00A49C12 /* Resources */ = {
			isa = PBXResourcesBuildPhase;
			buildActionMask = 2147483647;
			files = (
				C13A1B331F4BE33D00A49C12 /* LaunchScreen.storyboard in Resources */,
				C13A1B301F4BE33D00A49C12 /* Assets.xcassets in Resources */,
				C13A1B2E1F4BE33D00A49C12 /* Main.storyboard in Resources */,
			);
			runOnlyForDeploymentPostprocessing = 0;
		};
		C13A1B371F4BE33D00A49C12 /* Resources */ = {
			isa = PBXResourcesBuildPhase;
			buildActionMask = 2147483647;
			files = (
			);
			runOnlyForDeploymentPostprocessing = 0;
		};
/* End PBXResourcesBuildPhase section */

/* Begin PBXSourcesBuildPhase section */
		C13A1B211F4BE33D00A49C12 /* Sources */ = {
			isa = PBXSourcesBuildPhase;
			buildActionMask = 2147483647;
			files = (
				C13A1B2B1F4BE33D00A49C12 /* ViewController.swift in Sources */,
				C13A1B291F4BE33D00A49C12 /* AppDelegate.swift in Sources */,
			);
			runOnlyForDeploymentPostprocessing = 0;
		};
		C13A1B351F4BE33D00A49C12 /* Sources */ = {
			isa = PBXSourcesBuildPhase;
			buildActionMask = 2147483647;
			files = (
				C13A1B3E1F4BE33D00A49C12 /* College_App_101_Teast_2017Tests.swift in Sources */,
			);
			runOnlyForDeploymentPostprocessing = 0;
		};
/* End PBXSourcesBuildPhase section */

/* Begin PBXTargetDependency section */
		C13A1B3B1F4BE33D00A49C12 /* PBXTargetDependency */ = {
			isa = PBXTargetDependency;
			target = C13A1B241F4BE33D00A49C12 /* College App 101 Teast 2017 */;
			targetProxy = C13A1B3A1F4BE33D00A49C12 /* PBXContainerItemProxy */;
		};
/* End PBXTargetDependency section */

/* Begin PBXVariantGroup section */
		C13A1B2C1F4BE33D00A49C12 /* Main.storyboard */ = {
			isa = PBXVariantGroup;
			children = (
				C13A1B2D1F4BE33D00A49C12 /* Base */,
			);
			name = Main.storyboard;
			sourceTree = "<group>";
		};
		C13A1B311F4BE33D00A49C12 /* LaunchScreen.storyboard */ = {
			isa = PBXVariantGroup;
			children = (
				C13A1B321F4BE33D00A49C12 /* Base */,
			);
			name = LaunchScreen.storyboard;
			sourceTree = "<group>";
		};
/* End PBXVariantGroup section */

/* Begin XCBuildConfiguration section */
		C13A1B401F4BE33D00A49C12 /* Debug */ = {
			isa = XCBuildConfiguration;
			buildSettings = {
				ALWAYS_SEARCH_USER_PATHS = NO;
				CLANG_ANALYZER_NONNULL = YES;
				CLANG_CXX_LANGUAGE_STANDARD = "gnu++0x";
				CLANG_CXX_LIBRARY = "libc++";
				CLANG_ENABLE_MODULES = YES;
				CLANG_ENABLE_OBJC_ARC = YES;
				CLANG_WARN_BOOL_CONVERSION = YES;
				CLANG_WARN_CONSTANT_CONVERSION = YES;
				CLANG_WARN_DIRECT_OBJC_ISA_USAGE = YES_ERROR;
				CLANG_WARN_DOCUMENTATION_COMMENTS = YES;
				CLANG_WARN_EMPTY_BODY = YES;
				CLANG_WARN_ENUM_CONVERSION = YES;
				CLANG_WARN_INFINITE_RECURSION = YES;
				CLANG_WARN_INT_CONVERSION = YES;
				CLANG_WARN_OBJC_ROOT_CLASS = YES_ERROR;
				CLANG_WARN_SUSPICIOUS_MOVE = YES;
				CLANG_WARN_UNREACHABLE_CODE = YES;
				CLANG_WARN__DUPLICATE_METHOD_MATCH = YES;
				"CODE_SIGN_IDENTITY[sdk=iphoneos*]" = "iPhone Developer";
				COPY_PHASE_STRIP = NO;
				DEBUG_INFORMATION_FORMAT = dwarf;
				ENABLE_STRICT_OBJC_MSGSEND = YES;
				ENABLE_TESTABILITY = YES;
				GCC_C_LANGUAGE_STANDARD = gnu99;
				GCC_DYNAMIC_NO_PIC = NO;
				GCC_NO_COMMON_BLOCKS = YES;
				GCC_OPTIMIZATION_LEVEL = 0;
				GCC_PREPROCESSOR_DEFINITIONS = (
					"DEBUG=1",
					"$(inherited)",
				);
				GCC_WARN_64_TO_32_BIT_CONVERSION = YES;
				GCC_WARN_ABOUT_RETURN_TYPE = YES_ERROR;
				GCC_WARN_UNDECLARED_SELECTOR = YES;
				GCC_WARN_UNINITIALIZED_AUTOS = YES_AGGRESSIVE;
				GCC_WARN_UNUSED_FUNCTION = YES;
				GCC_WARN_UNUSED_VARIABLE = YES;
				IPHONEOS_DEPLOYMENT_TARGET = 10.2;
				MTL_ENABLE_DEBUG_INFO = YES;
				ONLY_ACTIVE_ARCH = YES;
				SDKROOT = iphoneos;
				SWIFT_ACTIVE_COMPILATION_CONDITIONS = DEBUG;
				SWIFT_OPTIMIZATION_LEVEL = "-Onone";
			};
			name = Debug;
		};
		C13A1B411F4BE33D00A49C12 /* Release */ = {
			isa = XCBuildConfiguration;
			buildSettings = {
				ALWAYS_SEARCH_USER_PATHS = NO;
				CLANG_ANALYZER_NONNULL = YES;
				CLANG_CXX_LANGUAGE_STANDARD = "gnu++0x";
				CLANG_CXX_LIBRARY = "libc++";
				CLANG_ENABLE_MODULES = YES;
				CLANG_ENABLE_OBJC_ARC = YES;
				CLANG_WARN_BOOL_CONVERSION = YES;
				CLANG_WARN_CONSTANT_CONVERSION = YES;
				CLANG_WARN_DIRECT_OBJC_ISA_USAGE = YES_ERROR;
				CLANG_WARN_DOCUMENTATION_COMMENTS = YES;
				CLANG_WARN_EMPTY_BODY = YES;
				CLANG_WARN_ENUM_CONVERSION = YES;
				CLANG_WARN_INFINITE_RECURSION = YES;
				CLANG_WARN_INT_CONVERSION = YES;
				CLANG_WARN_OBJC_ROOT_CLASS = YES_ERROR;
				CLANG_WARN_SUSPICIOUS_MOVE = YES;
				CLANG_WARN_UNREACHABLE_CODE = YES;
				CLANG_WARN__DUPLICATE_METHOD_MATCH = YES;
				"CODE_SIGN_IDENTITY[sdk=iphoneos*]" = "iPhone Developer";
				COPY_PHASE_STRIP = NO;
				DEBUG_INFORMATION_FORMAT = "dwarf-with-dsym";
				ENABLE_NS_ASSERTIONS = NO;
				ENABLE_STRICT_OBJC_MSGSEND = YES;
				GCC_C_LANGUAGE_STANDARD = gnu99;
				GCC_NO_COMMON_BLOCKS = YES;
				GCC_WARN_64_TO_32_BIT_CONVERSION = YES;
				GCC_WARN_ABOUT_RETURN_TYPE = YES_ERROR;
				GCC_WARN_UNDECLARED_SELECTOR = YES;
				GCC_WARN_UNINITIALIZED_AUTOS = YES_AGGRESSIVE;
				GCC_WARN_UNUSED_FUNCTION = YES;
				GCC_WARN_UNUSED_VARIABLE = YES;
				IPHONEOS_DEPLOYMENT_TARGET = 10.2;
				MTL_ENABLE_DEBUG_INFO = NO;
				SDKROOT = iphoneos;
				SWIFT_OPTIMIZATION_LEVEL = "-Owholemodule";
				VALIDATE_PRODUCT = YES;
			};
			name = Release;
		};
		C13A1B431F4BE33D00A49C12 /* Debug */ = {
			isa = XCBuildConfiguration;
			buildSettings = {
				ASSETCATALOG_COMPILER_APPICON_NAME = AppIcon;
				DEVELOPMENT_TEAM = 9H295K4Z78;
				INFOPLIST_FILE = "College App 101 Teast 2017/Info.plist";
				LD_RUNPATH_SEARCH_PATHS = "$(inherited) @executable_path/Frameworks";
				PRODUCT_BUNDLE_IDENTIFIER = "CollegeApp101.College-App-101-Teast-2017";
				PRODUCT_NAME = "$(TARGET_NAME)";
				SWIFT_VERSION = 3.0;
				TARGETED_DEVICE_FAMILY = 1;
			};
			name = Debug;
		};
		C13A1B441F4BE33D00A49C12 /* Release */ = {
			isa = XCBuildConfiguration;
			buildSettings = {
				ASSETCATALOG_COMPILER_APPICON_NAME = AppIcon;
				DEVELOPMENT_TEAM = 9H295K4Z78;
				INFOPLIST_FILE = "College App 101 Teast 2017/Info.plist";
				LD_RUNPATH_SEARCH_PATHS = "$(inherited) @executable_path/Frameworks";
				PRODUCT_BUNDLE_IDENTIFIER = "CollegeApp101.College-App-101-Teast-2017";
				PRODUCT_NAME = "$(TARGET_NAME)";
				SWIFT_VERSION = 3.0;
				TARGETED_DEVICE_FAMILY = 1;
			};
			name = Release;
		};
		C13A1B461F4BE33D00A49C12 /* Debug */ = {
			isa = XCBuildConfiguration;
			buildSettings = {
				ALWAYS_EMBED_SWIFT_STANDARD_LIBRARIES = YES;
				BUNDLE_LOADER = "$(TEST_HOST)";
				INFOPLIST_FILE = "College App 101 Teast 2017Tests/Info.plist";
				LD_RUNPATH_SEARCH_PATHS = "$(inherited) @executable_path/Frameworks @loader_path/Frameworks";
				PRODUCT_BUNDLE_IDENTIFIER = "CollegeApp101.College-App-101-Teast-2017Tests";
				PRODUCT_NAME = "$(TARGET_NAME)";
				SWIFT_VERSION = 3.0;
				TEST_HOST = "$(BUILT_PRODUCTS_DIR)/College App 101 Teast 2017.app/College App 101 Teast 2017";
			};
			name = Debug;
		};
		C13A1B471F4BE33D00A49C12 /* Release */ = {
			isa = XCBuildConfiguration;
			buildSettings = {
				ALWAYS_EMBED_SWIFT_STANDARD_LIBRARIES = YES;
				BUNDLE_LOADER = "$(TEST_HOST)";
				INFOPLIST_FILE = "College App 101 Teast 2017Tests/Info.plist";
				LD_RUNPATH_SEARCH_PATHS = "$(inherited) @executable_path/Frameworks @loader_path/Frameworks";
				PRODUCT_BUNDLE_IDENTIFIER = "CollegeApp101.College-App-101-Teast-2017Tests";
				PRODUCT_NAME = "$(TARGET_NAME)";
				SWIFT_VERSION = 3.0;
				TEST_HOST = "$(BUILT_PRODUCTS_DIR)/College App 101 Teast 2017.app/College App 101 Teast 2017";
			};
			name = Release;
		};
/* End XCBuildConfiguration section */

/* Begin XCConfigurationList section */
		C13A1B201F4BE33D00A49C12 /* Build configuration list for PBXProject "College App 101 Teast 2017" */ = {
			isa = XCConfigurationList;
			buildConfigurations = (
				C13A1B401F4BE33D00A49C12 /* Debug */,
				C13A1B411F4BE33D00A49C12 /* Release */,
			);
			defaultConfigurationIsVisible = 0;
			defaultConfigurationName = Release;
		};
		C13A1B421F4BE33D00A49C12 /* Build configuration list for PBXNativeTarget "College App 101 Teast 2017" */ = {
			isa = XCConfigurationList;
			buildConfigurations = (
				C13A1B431F4BE33D00A49C12 /* Debug */,
				C13A1B441F4BE33D00A49C12 /* Release */,
			);
			defaultConfigurationIsVisible = 0;
		};
		C13A1B451F4BE33D00A49C12 /* Build configuration list for PBXNativeTarget "College App 101 Teast 2017Tests" */ = {
			isa = XCConfigurationList;
			buildConfigurations = (
				C13A1B461F4BE33D00A49C12 /* Debug */,
				C13A1B471F4BE33D00A49C12 /* Release */,
			);
			defaultConfigurationIsVisible = 0;
		};
/* End XCConfigurationList section */
	};
	rootObject = C13A1B1D1F4BE33D00A49C12 /* Project object */;
}
